
Microsoft Visual Studio Solution File, Format Version 12.00
# Visual Studio 15
VisualStudioVersion = 15.0.26403.7
MinimumVisualStudioVersion = 10.0.40219.1
Project("{FAE04EC0-301F-11D3-BF4B-00C04F79EFBC}") = "miditest", "miditest\miditest.csproj", "{ADE952AC-7801-47C9-8DF5-7638F845A93C}"
EndProject
Project("{FAE04EC0-301F-11D3-BF4B-00C04F79EFBC}") = "wavtest", "wavtest\wavtest.csproj", "{EA012233-7890-4518-A904-1631F5EB4065}"
EndProject
Global
	GlobalSection(SolutionConfigurationPlatforms) = preSolution
		Debug|Any CPU = Debug|Any CPU
		Release|Any CPU = Release|Any CPU
	EndGlobalSection
	GlobalSection(ProjectConfigurationPlatforms) = postSolution
		{ADE952AC-7801-47C9-8DF5-7638F845A93C}.Debug|Any CPU.ActiveCfg = Debug|Any CPU
		{ADE952AC-7801-47C9-8DF5-7638F845A93C}.Debug|Any CPU.Build.0 = Debug|Any CPU
		{ADE952AC-7801-47C9-8DF5-7638F845A93C}.Release|Any CPU.ActiveCfg = Release|Any CPU
		{ADE952AC-7801-47C9-8DF5-7638F845A93C}.Release|Any CPU.Build.0 = Release|Any CPU
		{EA012233-7890-4518-A904-1631F5EB4065}.Debug|Any CPU.ActiveCfg = Debug|Any CPU
		{EA012233-7890-4518-A904-1631F5EB4065}.Debug|Any CPU.Build.0 = Debug|Any CPU
		{EA012233-7890-4518-A904-1631F5EB4065}.Release|Any CPU.ActiveCfg = Release|Any CPU
		{EA012233-7890-4518-A904-1631F5EB4065}.Release|Any CPU.Build.0 = Release|Any CPU
	EndGlobalSection
	GlobalSection(SolutionProperties) = preSolution
		HideSolutionNode = FALSE
	EndGlobalSection
EndGlobal
